// !$*UTF8*$!
{
	archiveVersion = 1;
	classes = {
	};
	objectVersion = 77;
	objects = {

/* Begin PBXBuildFile section */
		AE3213CC2DBC15DC00E17268 /* RevenueCat in Frameworks */ = {isa = PBXBuildFile; productRef = AE3213CB2DBC15DC00E17268 /* RevenueCat */; };
		AE3213CE2DBC15DC00E17268 /* RevenueCatUI in Frameworks */ = {isa = PBXBuildFile; productRef = AE3213CD2DBC15DC00E17268 /* RevenueCatUI */; };
		AE3213D02DBC162D00E17268 /* StoreKit.framework in Frameworks */ = {isa = PBXBuildFile; fileRef = AE3213CF2DBC162D00E17268 /* StoreKit.framework */; };
		AE45A4292DADA85F0096641F /* README.md in Resources */ = {isa = PBXBuildFile; fileRef = AE45A4282DADA85F0096641F /* README.md */; };
		AE45E1ED2DB577960096A497 /* WidgetKit.framework in Frameworks */ = {isa = PBXBuildFile; fileRef = AE0771532DAECFCB00634820 /* WidgetKit.framework */; };
		AE45E1EE2DB577960096A497 /* SwiftUI.framework in Frameworks */ = {isa = PBXBuildFile; fileRef = AE0771552DAECFCB00634820 /* SwiftUI.framework */; };
		AE45E1F92DB577980096A497 /* TraxeWidgetExtension.appex in Embed Foundation Extensions */ = {isa = PBXBuildFile; fileRef = AE45E1EC2DB577960096A497 /* TraxeWidgetExtension.appex */; settings = {ATTRIBUTES = (RemoveHeadersOnCopy, ); }; };
		AE8F8BBE2E9B099800E4450C /* TraxeWatch Watch App.app in Embed Watch Content */ = {isa = PBXBuildFile; fileRef = AE8F8BB42E9B099700E4450C /* TraxeWatch Watch App.app */; settings = {ATTRIBUTES = (RemoveHeadersOnCopy, ); }; };
		AE8F8BCB2E9B0B0F00E4450C /* WidgetKit.framework in Frameworks */ = {isa = PBXBuildFile; fileRef = AE0771532DAECFCB00634820 /* WidgetKit.framework */; };
		AE8F8BCC2E9B0B0F00E4450C /* SwiftUI.framework in Frameworks */ = {isa = PBXBuildFile; fileRef = AE0771552DAECFCB00634820 /* SwiftUI.framework */; };
		AE8F8BD72E9B0B1000E4450C /* TraxeWatchWidgetExtension.appex in Embed Foundation Extensions */ = {isa = PBXBuildFile; fileRef = AE8F8BCA2E9B0B0F00E4450C /* TraxeWatchWidgetExtension.appex */; settings = {ATTRIBUTES = (RemoveHeadersOnCopy, ); }; };
		FD281FC852134B0BA90500F9 /* SimpleToast in Frameworks */ = {isa = PBXBuildFile; productRef = 4E046C484FAF4EA389BAB573 /* SimpleToast */; };
/* End PBXBuildFile section */

/* Begin PBXContainerItemProxy section */
		AE45E1F72DB577980096A497 /* PBXContainerItemProxy */ = {
			isa = PBXContainerItemProxy;
			containerPortal = AE45A3172DAC951E0096641F /* Project object */;
			proxyType = 1;
			remoteGlobalIDString = AE45E1EB2DB577960096A497;
			remoteInfo = TraxeWidgetExtension;
		};
		AE8F8BBC2E9B099800E4450C /* PBXContainerItemProxy */ = {
			isa = PBXContainerItemProxy;
			containerPortal = AE45A3172DAC951E0096641F /* Project object */;
			proxyType = 1;
			remoteGlobalIDString = AE8F8BB32E9B099700E4450C;
			remoteInfo = "TraxeWatch Watch App";
		};
		AE8F8BD52E9B0B1000E4450C /* PBXContainerItemProxy */ = {
			isa = PBXContainerItemProxy;
			containerPortal = AE45A3172DAC951E0096641F /* Project object */;
			proxyType = 1;
			remoteGlobalIDString = AE8F8BC92E9B0B0F00E4450C;
			remoteInfo = TraxeWatchWidgetExtension;
		};
/* End PBXContainerItemProxy section */

/* Begin PBXCopyFilesBuildPhase section */
		AE0771642DAECFCC00634820 /* Embed Foundation Extensions */ = {
			isa = PBXCopyFilesBuildPhase;
			buildActionMask = 2147483647;
			dstPath = "";
			dstSubfolderSpec = 13;
			files = (
				AE45E1F92DB577980096A497 /* TraxeWidgetExtension.appex in Embed Foundation Extensions */,
			);
			name = "Embed Foundation Extensions";
			runOnlyForDeploymentPostprocessing = 0;
		};
		AE8F8BC22E9B099800E4450C /* Embed Watch Content */ = {
			isa = PBXCopyFilesBuildPhase;
			buildActionMask = 2147483647;
			dstPath = "$(CONTENTS_FOLDER_PATH)/Watch";
			dstSubfolderSpec = 16;
			files = (
				AE8F8BBE2E9B099800E4450C /* TraxeWatch Watch App.app in Embed Watch Content */,
			);
			name = "Embed Watch Content";
			runOnlyForDeploymentPostprocessing = 0;
		};
		AE8F8BDC2E9B0B1000E4450C /* Embed Foundation Extensions */ = {
			isa = PBXCopyFilesBuildPhase;
			buildActionMask = 2147483647;
			dstPath = "";
			dstSubfolderSpec = 13;
			files = (
				AE8F8BD72E9B0B1000E4450C /* TraxeWatchWidgetExtension.appex in Embed Foundation Extensions */,
			);
			name = "Embed Foundation Extensions";
			runOnlyForDeploymentPostprocessing = 0;
		};
/* End PBXCopyFilesBuildPhase section */

/* Begin PBXFileReference section */
		AE0771532DAECFCB00634820 /* WidgetKit.framework */ = {isa = PBXFileReference; lastKnownFileType = wrapper.framework; name = WidgetKit.framework; path = System/Library/Frameworks/WidgetKit.framework; sourceTree = SDKROOT; };
		AE0771552DAECFCB00634820 /* SwiftUI.framework */ = {isa = PBXFileReference; lastKnownFileType = wrapper.framework; name = SwiftUI.framework; path = System/Library/Frameworks/SwiftUI.framework; sourceTree = SDKROOT; };
		AE3213CF2DBC162D00E17268 /* StoreKit.framework */ = {isa = PBXFileReference; lastKnownFileType = wrapper.framework; name = StoreKit.framework; path = System/Library/Frameworks/StoreKit.framework; sourceTree = SDKROOT; };
		AE45A31F2DAC951E0096641F /* Traxe.app */ = {isa = PBXFileReference; explicitFileType = wrapper.application; includeInIndex = 0; path = Traxe.app; sourceTree = BUILT_PRODUCTS_DIR; };
		AE45A4282DADA85F0096641F /* README.md */ = {isa = PBXFileReference; lastKnownFileType = net.daringfireball.markdown; path = README.md; sourceTree = "<group>"; };
		AE45E1EC2DB577960096A497 /* TraxeWidgetExtension.appex */ = {isa = PBXFileReference; explicitFileType = "wrapper.app-extension"; includeInIndex = 0; path = TraxeWidgetExtension.appex; sourceTree = BUILT_PRODUCTS_DIR; };
		AE45E2012DB57B590096A497 /* TraxeWidgetExtension.entitlements */ = {isa = PBXFileReference; lastKnownFileType = text.plist.entitlements; name = TraxeWidgetExtension.entitlements; path = TraxeWidgetExtension/TraxeWidgetExtension.entitlements; sourceTree = "<group>"; };
		AE8F8BB42E9B099700E4450C /* TraxeWatch Watch App.app */ = {isa = PBXFileReference; explicitFileType = wrapper.application; includeInIndex = 0; path = "TraxeWatch Watch App.app"; sourceTree = BUILT_PRODUCTS_DIR; };
		AE8F8BCA2E9B0B0F00E4450C /* TraxeWatchWidgetExtension.appex */ = {isa = PBXFileReference; explicitFileType = "wrapper.app-extension"; includeInIndex = 0; path = TraxeWatchWidgetExtension.appex; sourceTree = BUILT_PRODUCTS_DIR; };
		AE8F8BDD2E9B0B1E00E4450C /* TraxeWatchWidgetExtension.entitlements */ = {isa = PBXFileReference; lastKnownFileType = text.plist.entitlements; path = TraxeWatchWidgetExtension.entitlements; sourceTree = "<group>"; };
/* End PBXFileReference section */

/* Begin PBXFileSystemSynchronizedBuildFileExceptionSet section */
		AE1A7B9A2E9B3F8400C6609F /* Exceptions for "Traxe" folder in "TraxeWatch Watch App" target */ = {
			isa = PBXFileSystemSynchronizedBuildFileExceptionSet;
			membershipExceptions = (
				AppIcon.icon,
				"Utilities/Double+Extensions.swift",
			);
			target = AE8F8BB32E9B099700E4450C /* TraxeWatch Watch App */;
		};
		AE1A7B9B2E9B3F8400C6609F /* Exceptions for "Traxe" folder in "TraxeWatchWidgetExtension" target */ = {
			isa = PBXFileSystemSynchronizedBuildFileExceptionSet;
			membershipExceptions = (
				"Utilities/Double+Extensions.swift",
			);
			target = AE8F8BC92E9B0B0F00E4450C /* TraxeWatchWidgetExtension */;
		};
		AE45E1FC2DB577980096A497 /* Exceptions for "TraxeWidget" folder in "TraxeWidgetExtension" target */ = {
			isa = PBXFileSystemSynchronizedBuildFileExceptionSet;
			membershipExceptions = (
				Info.plist,
			);
			target = AE45E1EB2DB577960096A497 /* TraxeWidgetExtension */;
		};
		AE45E2002DB57AFD0096A497 /* Exceptions for "Traxe" folder in "TraxeWidgetExtension" target */ = {
			isa = PBXFileSystemSynchronizedBuildFileExceptionSet;
			membershipExceptions = (
				Models/SystemInfoDTO.swift,
				Service/NetworkService.swift,
				"Utilities/Double+Extensions.swift",
			);
			target = AE45E1EB2DB577960096A497 /* TraxeWidgetExtension */;
		};
		AE8F8BDB2E9B0B1000E4450C /* Exceptions for "TraxeWatchWidget" folder in "TraxeWatchWidgetExtension" target */ = {
			isa = PBXFileSystemSynchronizedBuildFileExceptionSet;
			membershipExceptions = (
				Info.plist,
			);
			target = AE8F8BC92E9B0B0F00E4450C /* TraxeWatchWidgetExtension */;
		};
/* End PBXFileSystemSynchronizedBuildFileExceptionSet section */

/* Begin PBXFileSystemSynchronizedRootGroup section */
		AE45A3212DAC951E0096641F /* Traxe */ = {
			isa = PBXFileSystemSynchronizedRootGroup;
			exceptions = (
				AE45E2002DB57AFD0096A497 /* Exceptions for "Traxe" folder in "TraxeWidgetExtension" target */,
				AE1A7B9A2E9B3F8400C6609F /* Exceptions for "Traxe" folder in "TraxeWatch Watch App" target */,
				AE1A7B9B2E9B3F8400C6609F /* Exceptions for "Traxe" folder in "TraxeWatchWidgetExtension" target */,
			);
			path = Traxe;
			sourceTree = "<group>";
		};
		AE45E1EF2DB577960096A497 /* TraxeWidget */ = {
			isa = PBXFileSystemSynchronizedRootGroup;
			exceptions = (
				AE45E1FC2DB577980096A497 /* Exceptions for "TraxeWidget" folder in "TraxeWidgetExtension" target */,
			);
			path = TraxeWidget;
			sourceTree = "<group>";
		};
		AE8F8BB52E9B099700E4450C /* TraxeWatch Watch App */ = {
			isa = PBXFileSystemSynchronizedRootGroup;
			path = "TraxeWatch Watch App";
			sourceTree = "<group>";
		};
		AE8F8BCD2E9B0B0F00E4450C /* TraxeWatchWidget */ = {
			isa = PBXFileSystemSynchronizedRootGroup;
			exceptions = (
				AE8F8BDB2E9B0B1000E4450C /* Exceptions for "TraxeWatchWidget" folder in "TraxeWatchWidgetExtension" target */,
			);
			path = TraxeWatchWidget;
			sourceTree = "<group>";
		};
/* End PBXFileSystemSynchronizedRootGroup section */

/* Begin PBXFrameworksBuildPhase section */
		AE45A31C2DAC951E0096641F /* Frameworks */ = {
			isa = PBXFrameworksBuildPhase;
			buildActionMask = 2147483647;
			files = (
				AE3213D02DBC162D00E17268 /* StoreKit.framework in Frameworks */,
				AE3213CE2DBC15DC00E17268 /* RevenueCatUI in Frameworks */,
				AE3213CC2DBC15DC00E17268 /* RevenueCat in Frameworks */,
				FD281FC852134B0BA90500F9 /* SimpleToast in Frameworks */,
			);
			runOnlyForDeploymentPostprocessing = 0;
		};
		AE45E1E92DB577960096A497 /* Frameworks */ = {
			isa = PBXFrameworksBuildPhase;
			buildActionMask = 2147483647;
			files = (
				AE45E1EE2DB577960096A497 /* SwiftUI.framework in Frameworks */,
				AE45E1ED2DB577960096A497 /* WidgetKit.framework in Frameworks */,
			);
			runOnlyForDeploymentPostprocessing = 0;
		};
		AE8F8BB12E9B099700E4450C /* Frameworks */ = {
			isa = PBXFrameworksBuildPhase;
			buildActionMask = 2147483647;
			files = (
			);
			runOnlyForDeploymentPostprocessing = 0;
		};
		AE8F8BC72E9B0B0F00E4450C /* Frameworks */ = {
			isa = PBXFrameworksBuildPhase;
			buildActionMask = 2147483647;
			files = (
				AE8F8BCC2E9B0B0F00E4450C /* SwiftUI.framework in Frameworks */,
				AE8F8BCB2E9B0B0F00E4450C /* WidgetKit.framework in Frameworks */,
			);
			runOnlyForDeploymentPostprocessing = 0;
		};
/* End PBXFrameworksBuildPhase section */

/* Begin PBXGroup section */
		AE0771522DAECFCB00634820 /* Frameworks */ = {
			isa = PBXGroup;
			children = (
				AE3213CF2DBC162D00E17268 /* StoreKit.framework */,
				AE0771532DAECFCB00634820 /* WidgetKit.framework */,
				AE0771552DAECFCB00634820 /* SwiftUI.framework */,
			);
			name = Frameworks;
			sourceTree = "<group>";
		};
		AE45A3162DAC951E0096641F = {
			isa = PBXGroup;
			children = (
				AE8F8BDD2E9B0B1E00E4450C /* TraxeWatchWidgetExtension.entitlements */,
				AE45E2012DB57B590096A497 /* TraxeWidgetExtension.entitlements */,
				AE45A4282DADA85F0096641F /* README.md */,
				AE45A3212DAC951E0096641F /* Traxe */,
				AE45E1EF2DB577960096A497 /* TraxeWidget */,
				AE8F8BB52E9B099700E4450C /* TraxeWatch Watch App */,
				AE8F8BCD2E9B0B0F00E4450C /* TraxeWatchWidget */,
				AE0771522DAECFCB00634820 /* Frameworks */,
				AE45A3202DAC951E0096641F /* Products */,
			);
			sourceTree = "<group>";
		};
		AE45A3202DAC951E0096641F /* Products */ = {
			isa = PBXGroup;
			children = (
				AE45A31F2DAC951E0096641F /* Traxe.app */,
				AE45E1EC2DB577960096A497 /* TraxeWidgetExtension.appex */,
				AE8F8BB42E9B099700E4450C /* TraxeWatch Watch App.app */,
				AE8F8BCA2E9B0B0F00E4450C /* TraxeWatchWidgetExtension.appex */,
			);
			name = Products;
			sourceTree = "<group>";
		};
/* End PBXGroup section */

/* Begin PBXNativeTarget section */
		AE45A31E2DAC951E0096641F /* Traxe */ = {
			isa = PBXNativeTarget;
			buildConfigurationList = AE45A32A2DAC951F0096641F /* Build configuration list for PBXNativeTarget "Traxe" */;
			buildPhases = (
				AE45A31B2DAC951E0096641F /* Sources */,
				AE45A31C2DAC951E0096641F /* Frameworks */,
				AE45A31D2DAC951E0096641F /* Resources */,
				AE0771642DAECFCC00634820 /* Embed Foundation Extensions */,
				AE8F8BC22E9B099800E4450C /* Embed Watch Content */,
			);
			buildRules = (
			);
			dependencies = (
				AE45E1F82DB577980096A497 /* PBXTargetDependency */,
				AE8F8BBD2E9B099800E4450C /* PBXTargetDependency */,
			);
			fileSystemSynchronizedGroups = (
				AE45A3212DAC951E0096641F /* Traxe */,
			);
			name = Traxe;
			packageProductDependencies = (
				AE3213CB2DBC15DC00E17268 /* RevenueCat */,
				AE3213CD2DBC15DC00E17268 /* RevenueCatUI */,
				4E046C484FAF4EA389BAB573 /* SimpleToast */,
			);
			productName = Traxe;
			productReference = AE45A31F2DAC951E0096641F /* Traxe.app */;
			productType = "com.apple.product-type.application";
		};
		AE45E1EB2DB577960096A497 /* TraxeWidgetExtension */ = {
			isa = PBXNativeTarget;
			buildConfigurationList = AE45E1FD2DB577980096A497 /* Build configuration list for PBXNativeTarget "TraxeWidgetExtension" */;
			buildPhases = (
				AE45E1E82DB577960096A497 /* Sources */,
				AE45E1E92DB577960096A497 /* Frameworks */,
				AE45E1EA2DB577960096A497 /* Resources */,
			);
			buildRules = (
			);
			dependencies = (
			);
			fileSystemSynchronizedGroups = (
				AE45E1EF2DB577960096A497 /* TraxeWidget */,
			);
			name = TraxeWidgetExtension;
			packageProductDependencies = (
			);
			productName = TraxeWidgetExtension;
			productReference = AE45E1EC2DB577960096A497 /* TraxeWidgetExtension.appex */;
			productType = "com.apple.product-type.app-extension";
		};
		AE8F8BB32E9B099700E4450C /* TraxeWatch Watch App */ = {
			isa = PBXNativeTarget;
			buildConfigurationList = AE8F8BBF2E9B099800E4450C /* Build configuration list for PBXNativeTarget "TraxeWatch Watch App" */;
			buildPhases = (
				AE8F8BB02E9B099700E4450C /* Sources */,
				AE8F8BB12E9B099700E4450C /* Frameworks */,
				AE8F8BB22E9B099700E4450C /* Resources */,
				AE8F8BDC2E9B0B1000E4450C /* Embed Foundation Extensions */,
			);
			buildRules = (
			);
			dependencies = (
				AE8F8BD62E9B0B1000E4450C /* PBXTargetDependency */,
			);
			fileSystemSynchronizedGroups = (
				AE8F8BB52E9B099700E4450C /* TraxeWatch Watch App */,
			);
			name = "TraxeWatch Watch App";
			packageProductDependencies = (
			);
			productName = "TraxeWatch Watch App";
			productReference = AE8F8BB42E9B099700E4450C /* TraxeWatch Watch App.app */;
			productType = "com.apple.product-type.application";
		};
		AE8F8BC92E9B0B0F00E4450C /* TraxeWatchWidgetExtension */ = {
			isa = PBXNativeTarget;
			buildConfigurationList = AE8F8BD82E9B0B1000E4450C /* Build configuration list for PBXNativeTarget "TraxeWatchWidgetExtension" */;
			buildPhases = (
				AE8F8BC62E9B0B0F00E4450C /* Sources */,
				AE8F8BC72E9B0B0F00E4450C /* Frameworks */,
				AE8F8BC82E9B0B0F00E4450C /* Resources */,
			);
			buildRules = (
			);
			dependencies = (
			);
			fileSystemSynchronizedGroups = (
				AE8F8BCD2E9B0B0F00E4450C /* TraxeWatchWidget */,
			);
			name = TraxeWatchWidgetExtension;
			packageProductDependencies = (
			);
			productName = TraxeWatchWidgetExtension;
			productReference = AE8F8BCA2E9B0B0F00E4450C /* TraxeWatchWidgetExtension.appex */;
			productType = "com.apple.product-type.app-extension";
		};
/* End PBXNativeTarget section */

/* Begin PBXProject section */
		AE45A3172DAC951E0096641F /* Project object */ = {
			isa = PBXProject;
			attributes = {
				BuildIndependentTargetsInParallel = 1;
				LastSwiftUpdateCheck = 2600;
				LastUpgradeCheck = 2600;
				TargetAttributes = {
					AE45A31E2DAC951E0096641F = {
						CreatedOnToolsVersion = 16.3;
					};
					AE45E1EB2DB577960096A497 = {
						CreatedOnToolsVersion = 16.3;
					};
					AE8F8BB32E9B099700E4450C = {
						CreatedOnToolsVersion = 26.0.1;
					};
					AE8F8BC92E9B0B0F00E4450C = {
						CreatedOnToolsVersion = 26.0.1;
					};
				};
			};
			buildConfigurationList = AE45A31A2DAC951E0096641F /* Build configuration list for PBXProject "Traxe" */;
			developmentRegion = en;
			hasScannedForEncodings = 0;
			knownRegions = (
				en,
				Base,
			);
			mainGroup = AE45A3162DAC951E0096641F;
			minimizedProjectReferenceProxies = 1;
			packageReferences = (
				AE3213CA2DBC15DC00E17268 /* XCRemoteSwiftPackageReference "purchases-ios" */,
				3F776890CED4437ABF513975 /* XCRemoteSwiftPackageReference "SimpleToast" */,
			);
			preferredProjectObjectVersion = 77;
			productRefGroup = AE45A3202DAC951E0096641F /* Products */;
			projectDirPath = "";
			projectRoot = "";
			targets = (
				AE45A31E2DAC951E0096641F /* Traxe */,
				AE45E1EB2DB577960096A497 /* TraxeWidgetExtension */,
				AE8F8BB32E9B099700E4450C /* TraxeWatch Watch App */,
				AE8F8BC92E9B0B0F00E4450C /* TraxeWatchWidgetExtension */,
			);
		};
/* End PBXProject section */

/* Begin PBXResourcesBuildPhase section */
		AE45A31D2DAC951E0096641F /* Resources */ = {
			isa = PBXResourcesBuildPhase;
			buildActionMask = 2147483647;
			files = (
				AE45A4292DADA85F0096641F /* README.md in Resources */,
			);
			runOnlyForDeploymentPostprocessing = 0;
		};
		AE45E1EA2DB577960096A497 /* Resources */ = {
			isa = PBXResourcesBuildPhase;
			buildActionMask = 2147483647;
			files = (
			);
			runOnlyForDeploymentPostprocessing = 0;
		};
		AE8F8BB22E9B099700E4450C /* Resources */ = {
			isa = PBXResourcesBuildPhase;
			buildActionMask = 2147483647;
			files = (
			);
			runOnlyForDeploymentPostprocessing = 0;
		};
		AE8F8BC82E9B0B0F00E4450C /* Resources */ = {
			isa = PBXResourcesBuildPhase;
			buildActionMask = 2147483647;
			files = (
			);
			runOnlyForDeploymentPostprocessing = 0;
		};
/* End PBXResourcesBuildPhase section */

/* Begin PBXSourcesBuildPhase section */
		AE45A31B2DAC951E0096641F /* Sources */ = {
			isa = PBXSourcesBuildPhase;
			buildActionMask = 2147483647;
			files = (
			);
			runOnlyForDeploymentPostprocessing = 0;
		};
		AE45E1E82DB577960096A497 /* Sources */ = {
			isa = PBXSourcesBuildPhase;
			buildActionMask = 2147483647;
			files = (
			);
			runOnlyForDeploymentPostprocessing = 0;
		};
		AE8F8BB02E9B099700E4450C /* Sources */ = {
			isa = PBXSourcesBuildPhase;
			buildActionMask = 2147483647;
			files = (
			);
			runOnlyForDeploymentPostprocessing = 0;
		};
		AE8F8BC62E9B0B0F00E4450C /* Sources */ = {
			isa = PBXSourcesBuildPhase;
			buildActionMask = 2147483647;
			files = (
			);
			runOnlyForDeploymentPostprocessing = 0;
		};
/* End PBXSourcesBuildPhase section */

/* Begin PBXTargetDependency section */
		AE45E1F82DB577980096A497 /* PBXTargetDependency */ = {
			isa = PBXTargetDependency;
			target = AE45E1EB2DB577960096A497 /* TraxeWidgetExtension */;
			targetProxy = AE45E1F72DB577980096A497 /* PBXContainerItemProxy */;
		};
		AE8F8BBD2E9B099800E4450C /* PBXTargetDependency */ = {
			isa = PBXTargetDependency;
			target = AE8F8BB32E9B099700E4450C /* TraxeWatch Watch App */;
			targetProxy = AE8F8BBC2E9B099800E4450C /* PBXContainerItemProxy */;
		};
		AE8F8BD62E9B0B1000E4450C /* PBXTargetDependency */ = {
			isa = PBXTargetDependency;
			target = AE8F8BC92E9B0B0F00E4450C /* TraxeWatchWidgetExtension */;
			targetProxy = AE8F8BD52E9B0B1000E4450C /* PBXContainerItemProxy */;
		};
/* End PBXTargetDependency section */

/* Begin XCBuildConfiguration section */
		AE45A3282DAC951F0096641F /* Debug */ = {
			isa = XCBuildConfiguration;
			buildSettings = {
				ALWAYS_SEARCH_USER_PATHS = NO;
				ASSETCATALOG_COMPILER_GENERATE_SWIFT_ASSET_SYMBOL_EXTENSIONS = YES;
				CLANG_ANALYZER_NONNULL = YES;
				CLANG_ANALYZER_NUMBER_OBJECT_CONVERSION = YES_AGGRESSIVE;
				CLANG_CXX_LANGUAGE_STANDARD = "gnu++20";
				CLANG_ENABLE_MODULES = YES;
				CLANG_ENABLE_OBJC_ARC = YES;
				CLANG_ENABLE_OBJC_WEAK = YES;
				CLANG_WARN_BLOCK_CAPTURE_AUTORELEASING = YES;
				CLANG_WARN_BOOL_CONVERSION = YES;
				CLANG_WARN_COMMA = YES;
				CLANG_WARN_CONSTANT_CONVERSION = YES;
				CLANG_WARN_DEPRECATED_OBJC_IMPLEMENTATIONS = YES;
				CLANG_WARN_DIRECT_OBJC_ISA_USAGE = YES_ERROR;
				CLANG_WARN_DOCUMENTATION_COMMENTS = YES;
				CLANG_WARN_EMPTY_BODY = YES;
				CLANG_WARN_ENUM_CONVERSION = YES;
				CLANG_WARN_INFINITE_RECURSION = YES;
				CLANG_WARN_INT_CONVERSION = YES;
				CLANG_WARN_NON_LITERAL_NULL_CONVERSION = YES;
				CLANG_WARN_OBJC_IMPLICIT_RETAIN_SELF = YES;
				CLANG_WARN_OBJC_LITERAL_CONVERSION = YES;
				CLANG_WARN_OBJC_ROOT_CLASS = YES_ERROR;
				CLANG_WARN_QUOTED_INCLUDE_IN_FRAMEWORK_HEADER = YES;
				CLANG_WARN_RANGE_LOOP_ANALYSIS = YES;
				CLANG_WARN_STRICT_PROTOTYPES = YES;
				CLANG_WARN_SUSPICIOUS_MOVE = YES;
				CLANG_WARN_UNGUARDED_AVAILABILITY = YES_AGGRESSIVE;
				CLANG_WARN_UNREACHABLE_CODE = YES;
				CLANG_WARN__DUPLICATE_METHOD_MATCH = YES;
				COPY_PHASE_STRIP = NO;
				DEBUG_INFORMATION_FORMAT = dwarf;
				DEVELOPMENT_TEAM = 9G6M658RKZ;
				ENABLE_STRICT_OBJC_MSGSEND = YES;
				ENABLE_TESTABILITY = YES;
				ENABLE_USER_SCRIPT_SANDBOXING = YES;
				GCC_C_LANGUAGE_STANDARD = gnu17;
				GCC_DYNAMIC_NO_PIC = NO;
				GCC_NO_COMMON_BLOCKS = YES;
				GCC_OPTIMIZATION_LEVEL = 0;
				GCC_PREPROCESSOR_DEFINITIONS = (
					"DEBUG=1",
					"$(inherited)",
				);
				GCC_WARN_64_TO_32_BIT_CONVERSION = YES;
				GCC_WARN_ABOUT_RETURN_TYPE = YES_ERROR;
				GCC_WARN_UNDECLARED_SELECTOR = YES;
				GCC_WARN_UNINITIALIZED_AUTOS = YES_AGGRESSIVE;
				GCC_WARN_UNUSED_FUNCTION = YES;
				GCC_WARN_UNUSED_VARIABLE = YES;
				IPHONEOS_DEPLOYMENT_TARGET = 18.4;
				LOCALIZATION_PREFERS_STRING_CATALOGS = YES;
				MTL_ENABLE_DEBUG_INFO = INCLUDE_SOURCE;
				MTL_FAST_MATH = YES;
				ONLY_ACTIVE_ARCH = YES;
				SDKROOT = iphoneos;
				STRING_CATALOG_GENERATE_SYMBOLS = YES;
				SWIFT_ACTIVE_COMPILATION_CONDITIONS = "DEBUG $(inherited)";
				SWIFT_OPTIMIZATION_LEVEL = "-Onone";
			};
			name = Debug;
		};
		AE45A3292DAC951F0096641F /* Release */ = {
			isa = XCBuildConfiguration;
			buildSettings = {
				ALWAYS_SEARCH_USER_PATHS = NO;
				ASSETCATALOG_COMPILER_GENERATE_SWIFT_ASSET_SYMBOL_EXTENSIONS = YES;
				CLANG_ANALYZER_NONNULL = YES;
				CLANG_ANALYZER_NUMBER_OBJECT_CONVERSION = YES_AGGRESSIVE;
				CLANG_CXX_LANGUAGE_STANDARD = "gnu++20";
				CLANG_ENABLE_MODULES = YES;
				CLANG_ENABLE_OBJC_ARC = YES;
				CLANG_ENABLE_OBJC_WEAK = YES;
				CLANG_WARN_BLOCK_CAPTURE_AUTORELEASING = YES;
				CLANG_WARN_BOOL_CONVERSION = YES;
				CLANG_WARN_COMMA = YES;
				CLANG_WARN_CONSTANT_CONVERSION = YES;
				CLANG_WARN_DEPRECATED_OBJC_IMPLEMENTATIONS = YES;
				CLANG_WARN_DIRECT_OBJC_ISA_USAGE = YES_ERROR;
				CLANG_WARN_DOCUMENTATION_COMMENTS = YES;
				CLANG_WARN_EMPTY_BODY = YES;
				CLANG_WARN_ENUM_CONVERSION = YES;
				CLANG_WARN_INFINITE_RECURSION = YES;
				CLANG_WARN_INT_CONVERSION = YES;
				CLANG_WARN_NON_LITERAL_NULL_CONVERSION = YES;
				CLANG_WARN_OBJC_IMPLICIT_RETAIN_SELF = YES;
				CLANG_WARN_OBJC_LITERAL_CONVERSION = YES;
				CLANG_WARN_OBJC_ROOT_CLASS = YES_ERROR;
				CLANG_WARN_QUOTED_INCLUDE_IN_FRAMEWORK_HEADER = YES;
				CLANG_WARN_RANGE_LOOP_ANALYSIS = YES;
				CLANG_WARN_STRICT_PROTOTYPES = YES;
				CLANG_WARN_SUSPICIOUS_MOVE = YES;
				CLANG_WARN_UNGUARDED_AVAILABILITY = YES_AGGRESSIVE;
				CLANG_WARN_UNREACHABLE_CODE = YES;
				CLANG_WARN__DUPLICATE_METHOD_MATCH = YES;
				COPY_PHASE_STRIP = NO;
				DEBUG_INFORMATION_FORMAT = "dwarf-with-dsym";
				DEVELOPMENT_TEAM = 9G6M658RKZ;
				ENABLE_NS_ASSERTIONS = NO;
				ENABLE_STRICT_OBJC_MSGSEND = YES;
				ENABLE_USER_SCRIPT_SANDBOXING = YES;
				GCC_C_LANGUAGE_STANDARD = gnu17;
				GCC_NO_COMMON_BLOCKS = YES;
				GCC_WARN_64_TO_32_BIT_CONVERSION = YES;
				GCC_WARN_ABOUT_RETURN_TYPE = YES_ERROR;
				GCC_WARN_UNDECLARED_SELECTOR = YES;
				GCC_WARN_UNINITIALIZED_AUTOS = YES_AGGRESSIVE;
				GCC_WARN_UNUSED_FUNCTION = YES;
				GCC_WARN_UNUSED_VARIABLE = YES;
				IPHONEOS_DEPLOYMENT_TARGET = 18.4;
				LOCALIZATION_PREFERS_STRING_CATALOGS = YES;
				MTL_ENABLE_DEBUG_INFO = NO;
				MTL_FAST_MATH = YES;
				SDKROOT = iphoneos;
				STRING_CATALOG_GENERATE_SYMBOLS = YES;
				SWIFT_COMPILATION_MODE = wholemodule;
				VALIDATE_PRODUCT = YES;
			};
			name = Release;
		};
		AE45A32B2DAC951F0096641F /* Debug */ = {
			isa = XCBuildConfiguration;
			buildSettings = {
				ASSETCATALOG_COMPILER_APPICON_NAME = AppIcon;
				ASSETCATALOG_COMPILER_GLOBAL_ACCENT_COLOR_NAME = AccentColor;
				CODE_SIGN_ENTITLEMENTS = Traxe/Traxe.entitlements;
				CODE_SIGN_STYLE = Automatic;
				CURRENT_PROJECT_VERSION = 1;
				DEVELOPMENT_TEAM = 9G6M658RKZ;
				ENABLE_PREVIEWS = YES;
				GENERATE_INFOPLIST_FILE = YES;
				INFOPLIST_KEY_ITSAppUsesNonExemptEncryption = NO;
				INFOPLIST_KEY_NSLocalNetworkUsageDescription = "Traxe needs to access your local network to find and connect to your BitAxe miner.";
				INFOPLIST_KEY_NSSupportsLiveActivities = YES;
				INFOPLIST_KEY_UIApplicationSceneManifest_Generation = YES;
				INFOPLIST_KEY_UIApplicationSupportsIndirectInputEvents = YES;
				INFOPLIST_KEY_UILaunchScreen_Generation = YES;
				INFOPLIST_KEY_UISupportedInterfaceOrientations = UIInterfaceOrientationPortrait;
				INFOPLIST_KEY_UISupportedInterfaceOrientations_iPad = "UIInterfaceOrientationPortrait UIInterfaceOrientationPortraitUpsideDown UIInterfaceOrientationLandscapeLeft UIInterfaceOrientationLandscapeRight";
				IPHONEOS_DEPLOYMENT_TARGET = 18.0;
				LD_RUNPATH_SEARCH_PATHS = (
					"$(inherited)",
					"@executable_path/Frameworks",
				);
				MARKETING_VERSION = 1.1.14;
				PRODUCT_BUNDLE_IDENTIFIER = com.matthewramsden.Traxe;
				PRODUCT_NAME = "$(TARGET_NAME)";
				SUPPORTED_PLATFORMS = "iphoneos iphonesimulator";
				SUPPORTS_MACCATALYST = NO;
				SUPPORTS_MAC_DESIGNED_FOR_IPHONE_IPAD = NO;
				SUPPORTS_XR_DESIGNED_FOR_IPHONE_IPAD = NO;
				SWIFT_EMIT_LOC_STRINGS = YES;
				SWIFT_VERSION = 5.0;
				TARGETED_DEVICE_FAMILY = 1;
			};
			name = Debug;
		};
		AE45A32C2DAC951F0096641F /* Release */ = {
			isa = XCBuildConfiguration;
			buildSettings = {
				ASSETCATALOG_COMPILER_APPICON_NAME = AppIcon;
				ASSETCATALOG_COMPILER_GLOBAL_ACCENT_COLOR_NAME = AccentColor;
				CODE_SIGN_ENTITLEMENTS = Traxe/Traxe.entitlements;
				CODE_SIGN_STYLE = Automatic;
				CURRENT_PROJECT_VERSION = 1;
				DEVELOPMENT_TEAM = 9G6M658RKZ;
				ENABLE_PREVIEWS = YES;
				GENERATE_INFOPLIST_FILE = YES;
				INFOPLIST_KEY_ITSAppUsesNonExemptEncryption = NO;
				INFOPLIST_KEY_NSLocalNetworkUsageDescription = "Traxe needs to access your local network to find and connect to your BitAxe miner.";
				INFOPLIST_KEY_NSSupportsLiveActivities = YES;
				INFOPLIST_KEY_UIApplicationSceneManifest_Generation = YES;
				INFOPLIST_KEY_UIApplicationSupportsIndirectInputEvents = YES;
				INFOPLIST_KEY_UILaunchScreen_Generation = YES;
				INFOPLIST_KEY_UISupportedInterfaceOrientations = UIInterfaceOrientationPortrait;
				INFOPLIST_KEY_UISupportedInterfaceOrientations_iPad = "UIInterfaceOrientationPortrait UIInterfaceOrientationPortraitUpsideDown UIInterfaceOrientationLandscapeLeft UIInterfaceOrientationLandscapeRight";
				IPHONEOS_DEPLOYMENT_TARGET = 18.0;
				LD_RUNPATH_SEARCH_PATHS = (
					"$(inherited)",
					"@executable_path/Frameworks",
				);
				MARKETING_VERSION = 1.1.14;
				PRODUCT_BUNDLE_IDENTIFIER = com.matthewramsden.Traxe;
				PRODUCT_NAME = "$(TARGET_NAME)";
				SUPPORTED_PLATFORMS = "iphoneos iphonesimulator";
				SUPPORTS_MACCATALYST = NO;
				SUPPORTS_MAC_DESIGNED_FOR_IPHONE_IPAD = NO;
				SUPPORTS_XR_DESIGNED_FOR_IPHONE_IPAD = NO;
				SWIFT_EMIT_LOC_STRINGS = YES;
				SWIFT_VERSION = 5.0;
				TARGETED_DEVICE_FAMILY = 1;
			};
			name = Release;
		};
		AE45E1FA2DB577980096A497 /* Debug */ = {
			isa = XCBuildConfiguration;
			buildSettings = {
				ASSETCATALOG_COMPILER_GLOBAL_ACCENT_COLOR_NAME = AccentColor;
				ASSETCATALOG_COMPILER_WIDGET_BACKGROUND_COLOR_NAME = WidgetBackground;
				CODE_SIGN_ENTITLEMENTS = TraxeWidgetExtension/TraxeWidgetExtension.entitlements;
				CODE_SIGN_STYLE = Automatic;
				CURRENT_PROJECT_VERSION = 1;
				DEVELOPMENT_TEAM = 9G6M658RKZ;
				GENERATE_INFOPLIST_FILE = YES;
				INFOPLIST_FILE = TraxeWidget/Info.plist;
				INFOPLIST_KEY_CFBundleDisplayName = TraxeWidget;
				INFOPLIST_KEY_NSHumanReadableCopyright = "";
				IPHONEOS_DEPLOYMENT_TARGET = 18.0;
				LD_RUNPATH_SEARCH_PATHS = (
					"$(inherited)",
					"@executable_path/Frameworks",
					"@executable_path/../../Frameworks",
				);
				MARKETING_VERSION = 1.1.14;
				PRODUCT_BUNDLE_IDENTIFIER = com.matthewramsden.Traxe.TraxeWidget;
				PRODUCT_NAME = "$(TARGET_NAME)";
				SKIP_INSTALL = YES;
				SWIFT_EMIT_LOC_STRINGS = YES;
				SWIFT_VERSION = 5.0;
				TARGETED_DEVICE_FAMILY = "1,2";
			};
			name = Debug;
		};
		AE45E1FB2DB577980096A497 /* Release */ = {
			isa = XCBuildConfiguration;
			buildSettings = {
				ASSETCATALOG_COMPILER_GLOBAL_ACCENT_COLOR_NAME = AccentColor;
				ASSETCATALOG_COMPILER_WIDGET_BACKGROUND_COLOR_NAME = WidgetBackground;
				CODE_SIGN_ENTITLEMENTS = TraxeWidgetExtension/TraxeWidgetExtension.entitlements;
				CODE_SIGN_STYLE = Automatic;
				CURRENT_PROJECT_VERSION = 1;
				DEVELOPMENT_TEAM = 9G6M658RKZ;
				GENERATE_INFOPLIST_FILE = YES;
				INFOPLIST_FILE = TraxeWidget/Info.plist;
				INFOPLIST_KEY_CFBundleDisplayName = TraxeWidget;
				INFOPLIST_KEY_NSHumanReadableCopyright = "";
				IPHONEOS_DEPLOYMENT_TARGET = 18.0;
				LD_RUNPATH_SEARCH_PATHS = (
					"$(inherited)",
					"@executable_path/Frameworks",
					"@executable_path/../../Frameworks",
				);
				MARKETING_VERSION = 1.1.14;
				PRODUCT_BUNDLE_IDENTIFIER = com.matthewramsden.Traxe.TraxeWidget;
				PRODUCT_NAME = "$(TARGET_NAME)";
				SKIP_INSTALL = YES;
				SWIFT_EMIT_LOC_STRINGS = YES;
				SWIFT_VERSION = 5.0;
				TARGETED_DEVICE_FAMILY = "1,2";
			};
			name = Release;
		};
		AE8F8BC02E9B099800E4450C /* Debug */ = {
			isa = XCBuildConfiguration;
			buildSettings = {
				ASSETCATALOG_COMPILER_APPICON_NAME = AppIcon;
				ASSETCATALOG_COMPILER_GLOBAL_ACCENT_COLOR_NAME = AccentColor;
				CODE_SIGN_ENTITLEMENTS = "TraxeWatch Watch App/TraxeWatch Watch App.entitlements";
				CODE_SIGN_STYLE = Automatic;
				CURRENT_PROJECT_VERSION = 1;
				DEVELOPMENT_TEAM = 9G6M658RKZ;
				ENABLE_PREVIEWS = YES;
				GENERATE_INFOPLIST_FILE = YES;
				INFOPLIST_KEY_CFBundleDisplayName = Traxe;
				INFOPLIST_KEY_UISupportedInterfaceOrientations = "UIInterfaceOrientationPortrait UIInterfaceOrientationPortraitUpsideDown";
				INFOPLIST_KEY_WKCompanionAppBundleIdentifier = com.matthewramsden.Traxe;
				LD_RUNPATH_SEARCH_PATHS = (
					"$(inherited)",
					"@executable_path/Frameworks",
				);
				MARKETING_VERSION = 1.1.14;
				PRODUCT_BUNDLE_IDENTIFIER = com.matthewramsden.Traxe.watchkitapp;
				PRODUCT_NAME = "$(TARGET_NAME)";
				SDKROOT = watchos;
				SKIP_INSTALL = YES;
				STRING_CATALOG_GENERATE_SYMBOLS = YES;
				SWIFT_APPROACHABLE_CONCURRENCY = YES;
				SWIFT_DEFAULT_ACTOR_ISOLATION = MainActor;
				SWIFT_EMIT_LOC_STRINGS = YES;
				SWIFT_UPCOMING_FEATURE_MEMBER_IMPORT_VISIBILITY = YES;
				SWIFT_VERSION = 5.0;
				TARGETED_DEVICE_FAMILY = 4;
				WATCHOS_DEPLOYMENT_TARGET = 11.5;
			};
			name = Debug;
		};
		AE8F8BC12E9B099800E4450C /* Release */ = {
			isa = XCBuildConfiguration;
			buildSettings = {
				ASSETCATALOG_COMPILER_APPICON_NAME = AppIcon;
				ASSETCATALOG_COMPILER_GLOBAL_ACCENT_COLOR_NAME = AccentColor;
				CODE_SIGN_ENTITLEMENTS = "TraxeWatch Watch App/TraxeWatch Watch App.entitlements";
				CODE_SIGN_STYLE = Automatic;
				CURRENT_PROJECT_VERSION = 1;
				DEVELOPMENT_TEAM = 9G6M658RKZ;
				ENABLE_PREVIEWS = YES;
				GENERATE_INFOPLIST_FILE = YES;
				INFOPLIST_KEY_CFBundleDisplayName = Traxe;
				INFOPLIST_KEY_UISupportedInterfaceOrientations = "UIInterfaceOrientationPortrait UIInterfaceOrientationPortraitUpsideDown";
				INFOPLIST_KEY_WKCompanionAppBundleIdentifier = com.matthewramsden.Traxe;
				LD_RUNPATH_SEARCH_PATHS = (
					"$(inherited)",
					"@executable_path/Frameworks",
				);
				MARKETING_VERSION = 1.1.14;
				PRODUCT_BUNDLE_IDENTIFIER = com.matthewramsden.Traxe.watchkitapp;
				PRODUCT_NAME = "$(TARGET_NAME)";
				SDKROOT = watchos;
				SKIP_INSTALL = YES;
				STRING_CATALOG_GENERATE_SYMBOLS = YES;
				SWIFT_APPROACHABLE_CONCURRENCY = YES;
				SWIFT_DEFAULT_ACTOR_ISOLATION = MainActor;
				SWIFT_EMIT_LOC_STRINGS = YES;
				SWIFT_UPCOMING_FEATURE_MEMBER_IMPORT_VISIBILITY = YES;
				SWIFT_VERSION = 5.0;
				TARGETED_DEVICE_FAMILY = 4;
				WATCHOS_DEPLOYMENT_TARGET = 11.5;
			};
			name = Release;
		};
		AE8F8BD92E9B0B1000E4450C /* Debug */ = {
			isa = XCBuildConfiguration;
			buildSettings = {
				ASSETCATALOG_COMPILER_GLOBAL_ACCENT_COLOR_NAME = AccentColor;
				ASSETCATALOG_COMPILER_WIDGET_BACKGROUND_COLOR_NAME = WidgetBackground;
				CODE_SIGN_ENTITLEMENTS = TraxeWatchWidgetExtension.entitlements;
				CODE_SIGN_STYLE = Automatic;
				CURRENT_PROJECT_VERSION = 1;
				DEVELOPMENT_TEAM = 9G6M658RKZ;
				GENERATE_INFOPLIST_FILE = YES;
				INFOPLIST_FILE = TraxeWatchWidget/Info.plist;
				INFOPLIST_KEY_CFBundleDisplayName = TraxeWatchWidget;
				INFOPLIST_KEY_NSHumanReadableCopyright = "";
				LD_RUNPATH_SEARCH_PATHS = (
					"$(inherited)",
					"@executable_path/Frameworks",
					"@executable_path/../../Frameworks",
					"@executable_path/../../../../Frameworks",
				);
				MARKETING_VERSION = 1.1.14;
				PRODUCT_BUNDLE_IDENTIFIER = com.matthewramsden.Traxe.watchkitapp.TraxeWatchWidget;
				PRODUCT_NAME = "$(TARGET_NAME)";
				SDKROOT = watchos;
				SKIP_INSTALL = YES;
				STRING_CATALOG_GENERATE_SYMBOLS = YES;
				SWIFT_APPROACHABLE_CONCURRENCY = YES;
				SWIFT_EMIT_LOC_STRINGS = YES;
				SWIFT_UPCOMING_FEATURE_MEMBER_IMPORT_VISIBILITY = YES;
				SWIFT_VERSION = 5.0;
				TARGETED_DEVICE_FAMILY = 4;
				WATCHOS_DEPLOYMENT_TARGET = 11.5;
			};
			name = Debug;
		};
		AE8F8BDA2E9B0B1000E4450C /* Release */ = {
			isa = XCBuildConfiguration;
			buildSettings = {
				ASSETCATALOG_COMPILER_GLOBAL_ACCENT_COLOR_NAME = AccentColor;
				ASSETCATALOG_COMPILER_WIDGET_BACKGROUND_COLOR_NAME = WidgetBackground;
				CODE_SIGN_ENTITLEMENTS = TraxeWatchWidgetExtension.entitlements;
				CODE_SIGN_STYLE = Automatic;
				CURRENT_PROJECT_VERSION = 1;
				DEVELOPMENT_TEAM = 9G6M658RKZ;
				GENERATE_INFOPLIST_FILE = YES;
				INFOPLIST_FILE = TraxeWatchWidget/Info.plist;
				INFOPLIST_KEY_CFBundleDisplayName = TraxeWatchWidget;
				INFOPLIST_KEY_NSHumanReadableCopyright = "";
				LD_RUNPATH_SEARCH_PATHS = (
					"$(inherited)",
					"@executable_path/Frameworks",
					"@executable_path/../../Frameworks",
					"@executable_path/../../../../Frameworks",
				);
				MARKETING_VERSION = 1.1.14;
				PRODUCT_BUNDLE_IDENTIFIER = com.matthewramsden.Traxe.watchkitapp.TraxeWatchWidget;
				PRODUCT_NAME = "$(TARGET_NAME)";
				SDKROOT = watchos;
				SKIP_INSTALL = YES;
				STRING_CATALOG_GENERATE_SYMBOLS = YES;
				SWIFT_APPROACHABLE_CONCURRENCY = YES;
				SWIFT_EMIT_LOC_STRINGS = YES;
				SWIFT_UPCOMING_FEATURE_MEMBER_IMPORT_VISIBILITY = YES;
				SWIFT_VERSION = 5.0;
				TARGETED_DEVICE_FAMILY = 4;
				WATCHOS_DEPLOYMENT_TARGET = 11.5;
			};
			name = Release;
		};
/* End XCBuildConfiguration section */

/* Begin XCConfigurationList section */
		AE45A31A2DAC951E0096641F /* Build configuration list for PBXProject "Traxe" */ = {
			isa = XCConfigurationList;
			buildConfigurations = (
				AE45A3282DAC951F0096641F /* Debug */,
				AE45A3292DAC951F0096641F /* Release */,
			);
			defaultConfigurationIsVisible = 0;
			defaultConfigurationName = Release;
		};
		AE45A32A2DAC951F0096641F /* Build configuration list for PBXNativeTarget "Traxe" */ = {
			isa = XCConfigurationList;
			buildConfigurations = (
				AE45A32B2DAC951F0096641F /* Debug */,
				AE45A32C2DAC951F0096641F /* Release */,
			);
			defaultConfigurationIsVisible = 0;
			defaultConfigurationName = Release;
		};
		AE45E1FD2DB577980096A497 /* Build configuration list for PBXNativeTarget "TraxeWidgetExtension" */ = {
			isa = XCConfigurationList;
			buildConfigurations = (
				AE45E1FA2DB577980096A497 /* Debug */,
				AE45E1FB2DB577980096A497 /* Release */,
			);
			defaultConfigurationIsVisible = 0;
			defaultConfigurationName = Release;
		};
		AE8F8BBF2E9B099800E4450C /* Build configuration list for PBXNativeTarget "TraxeWatch Watch App" */ = {
			isa = XCConfigurationList;
			buildConfigurations = (
				AE8F8BC02E9B099800E4450C /* Debug */,
				AE8F8BC12E9B099800E4450C /* Release */,
			);
			defaultConfigurationIsVisible = 0;
			defaultConfigurationName = Release;
		};
		AE8F8BD82E9B0B1000E4450C /* Build configuration list for PBXNativeTarget "TraxeWatchWidgetExtension" */ = {
			isa = XCConfigurationList;
			buildConfigurations = (
				AE8F8BD92E9B0B1000E4450C /* Debug */,
				AE8F8BDA2E9B0B1000E4450C /* Release */,
			);
			defaultConfigurationIsVisible = 0;
			defaultConfigurationName = Release;
		};
/* End XCConfigurationList section */

/* Begin XCRemoteSwiftPackageReference section */
		3F776890CED4437ABF513975 /* XCRemoteSwiftPackageReference "SimpleToast" */ = {
			isa = XCRemoteSwiftPackageReference;
			repositoryURL = "https://github.com/sanzaru/SimpleToast.git";
			requirement = {
				kind = exactVersion;
				version = 0.10.1;
			};
		};
		AE3213CA2DBC15DC00E17268 /* XCRemoteSwiftPackageReference "purchases-ios" */ = {
			isa = XCRemoteSwiftPackageReference;
			repositoryURL = "https://github.com/RevenueCat/purchases-ios.git";
			requirement = {
				kind = exactVersion;
				version = 5.41.0;
			};
		};
/* End XCRemoteSwiftPackageReference section */

/* Begin XCSwiftPackageProductDependency section */
		4E046C484FAF4EA389BAB573 /* SimpleToast */ = {
			isa = XCSwiftPackageProductDependency;
			package = 3F776890CED4437ABF513975 /* XCRemoteSwiftPackageReference "SimpleToast" */;
			productName = SimpleToast;
		};
		AE3213CB2DBC15DC00E17268 /* RevenueCat */ = {
			isa = XCSwiftPackageProductDependency;
			package = AE3213CA2DBC15DC00E17268 /* XCRemoteSwiftPackageReference "purchases-ios" */;
			productName = RevenueCat;
		};
		AE3213CD2DBC15DC00E17268 /* RevenueCatUI */ = {
			isa = XCSwiftPackageProductDependency;
			package = AE3213CA2DBC15DC00E17268 /* XCRemoteSwiftPackageReference "purchases-ios" */;
			productName = RevenueCatUI;
		};
/* End XCSwiftPackageProductDependency section */
	};
	rootObject = AE45A3172DAC951E0096641F /* Project object */;
}
